<?xml version="1.0" encoding="utf-8"?>
<Project ToolsVersion="4.0" xmlns="http://schemas.microsoft.com/developer/msbuild/2003">
  <ItemGroup>
    <Filter Include="Core">
      <UniqueIdentifier>{7e333ad4-f9d0-469d-9659-bb67ad32ad6d}</UniqueIdentifier>
    </Filter>
    <Filter Include="Graphics">
      <UniqueIdentifier>{4bd2da41-ca93-4cc3-8548-07ea5c0bb9fc}</UniqueIdentifier>
    </Filter>
    <Filter Include="Graphics\Engines">
      <UniqueIdentifier>{e5ba2c87-4d44-4907-a1cc-f937b5ff170f}</UniqueIdentifier>
    </Filter>
    <Filter Include="Core\GameObjects">
      <UniqueIdentifier>{73ab0e94-a9f3-415e-ba84-ee61817e4812}</UniqueIdentifier>
    </Filter>
    <Filter Include="Core\GameObjects\Components">
      <UniqueIdentifier>{ec9a10e1-d3ed-4e89-954e-d11341f89f44}</UniqueIdentifier>
    </Filter>
    <Filter Include="Utilities">
      <UniqueIdentifier>{e9ff6e3f-4339-4aaf-8023-d6de3a6e7dd6}</UniqueIdentifier>
    </Filter>
    <Filter Include="Audio">
      <UniqueIdentifier>{0b3194f0-a2a2-4bab-8466-17c7da296715}</UniqueIdentifier>
    </Filter>
    <Filter Include="Audio\Engines">
      <UniqueIdentifier>{c946caaf-1500-4198-b976-f7cdfdb4f060}</UniqueIdentifier>
    </Filter>
    <Filter Include="Input">
      <UniqueIdentifier>{1d619473-b495-40c9-a8ef-1b356bb81e92}</UniqueIdentifier>
    </Filter>
    <Filter Include="Input\Engines">
      <UniqueIdentifier>{382cc571-05cb-4c11-9458-304d450206c6}</UniqueIdentifier>
    </Filter>
  </ItemGroup>
  <ItemGroup>
    <ClCompile Include="Core\GameWindow.cpp">
      <Filter>Core</Filter>
    </ClCompile>
    <ClCompile Include="Core\Vector2.cpp">
      <Filter>Core</Filter>
    </ClCompile>
    <ClCompile Include="Graphics\Engines\LimitedGraphicsEngineCore.cpp">
      <Filter>Graphics\Engines</Filter>
    </ClCompile>
    <ClCompile Include="Core\Size2.cpp">
      <Filter>Core</Filter>
    </ClCompile>
    <ClCompile Include="Graphics\GraphicsEvents.cpp">
      <Filter>Graphics</Filter>
    </ClCompile>
    <ClCompile Include="Core\Event.cpp">
      <Filter>Core</Filter>
    </ClCompile>
    <ClCompile Include="Graphics\Engines\GraphicsEngineCore.cpp">
      <Filter>Graphics\Engines</Filter>
    </ClCompile>
    <ClCompile Include="Graphics\Engines\DirectXGraphicsEngine.cpp">
      <Filter>Graphics\Engines</Filter>
    </ClCompile>
    <ClCompile Include="Graphics\GraphicsEventHandlers.cpp">
      <Filter>Graphics</Filter>
    </ClCompile>
    <ClCompile Include="Graphics\Color.cpp">
      <Filter>Graphics</Filter>
    </ClCompile>
    <ClCompile Include="Core\Size2f.cpp">
      <Filter>Core</Filter>
    </ClCompile>
    <ClCompile Include="Core\CoreEventHandlers.cpp">
      <Filter>Core</Filter>
    </ClCompile>
    <ClCompile Include="Core\Game.cpp">
      <Filter>Core</Filter>
    </ClCompile>
    <ClCompile Include="Core\CoreEvents.cpp">
      <Filter>Core</Filter>
    </ClCompile>
    <ClCompile Include="Core\RectangleF.cpp">
      <Filter>Core</Filter>
    </ClCompile>
    <ClCompile Include="Graphics\Bitmap.cpp">
      <Filter>Graphics</Filter>
    </ClCompile>
    <ClCompile Include="Core\GameObjects\Space.cpp">
      <Filter>Core\GameObjects</Filter>
    </ClCompile>
    <ClCompile Include="Core\GameTime.cpp">
      <Filter>Core</Filter>
    </ClCompile>
    <ClCompile Include="Core\GameObjects\Components\Component.cpp">
      <Filter>Core\GameObjects\Components</Filter>
    </ClCompile>
    <ClCompile Include="Core\GameObjects\GameObject.cpp">
      <Filter>Core\GameObjects</Filter>
    </ClCompile>
    <ClCompile Include="Core\GameObjects\Components\DrawComponent.cpp">
      <Filter>Core\GameObjects\Components</Filter>
    </ClCompile>
    <ClCompile Include="Core\GameObjects\Components\TransformComponent.cpp">
      <Filter>Core\GameObjects\Components</Filter>
    </ClCompile>
    <ClCompile Include="Core\GameObjects\Components\DrawBitmapComponent.cpp">
      <Filter>Core\GameObjects\Components</Filter>
    </ClCompile>
    <ClCompile Include="Utilities\ContentManager.cpp">
      <Filter>Utilities</Filter>
    </ClCompile>
    <ClCompile Include="Core\GameObjects\GameObjectBase.cpp">
      <Filter>Core\GameObjects</Filter>
    </ClCompile>
    <ClCompile Include="Audio\Sound.cpp">
      <Filter>Audio</Filter>
    </ClCompile>
    <ClCompile Include="Audio\Engines\AudioEngineCore.cpp">
      <Filter>Audio\Engines</Filter>
    </ClCompile>
    <ClCompile Include="Input\KeyboardState.cpp">
      <Filter>Input</Filter>
    </ClCompile>
    <ClCompile Include="Input\KeyCombo.cpp">
      <Filter>Input</Filter>
    </ClCompile>
    <ClCompile Include="Input\KeyEventInfo.cpp">
      <Filter>Input</Filter>
    </ClCompile>
    <ClCompile Include="Input\Keyboard.cpp">
      <Filter>Input</Filter>
    </ClCompile>
    <ClCompile Include="Input\Engines\InputEngineCore.cpp">
      <Filter>Input\Engines</Filter>
    </ClCompile>
    <ClCompile Include="Input\Engines\DirectXInputEngine.cpp" />
    <ClCompile Include="Audio\Engines\FMODAudioEngine.cpp" />
    <ClCompile Include="Input\MouseState.cpp" />
    <ClCompile Include="Input\Mouse.cpp" />
    <ClCompile Include="Input\InputEvents.cpp" />
    <ClCompile Include="Audio\Spectrum.cpp">
      <Filter>Audio</Filter>
    </ClCompile>
    <ClCompile Include="Graphics\TextFormat.cpp" />
    <ClCompile Include="Core\GameObjects\Components\DrawTextComponent.cpp" />
    <ClCompile Include="Audio\SpectrumProxy.cpp">
      <Filter>Audio</Filter>
    </ClCompile>
  </ItemGroup>
  <ItemGroup>
    <ClInclude Include="Core\GameWindow.h">
      <Filter>Core</Filter>
    </ClInclude>
    <ClInclude Include="Core\Vector2.h">
      <Filter>Core</Filter>
    </ClInclude>
    <ClInclude Include="Graphics\Engines\LimitedGraphicsEngineCore.h">
      <Filter>Graphics\Engines</Filter>
    </ClInclude>
    <ClInclude Include="Core.h" />
    <ClInclude Include="Graphics\Engines.h">
      <Filter>Graphics</Filter>
    </ClInclude>
    <ClInclude Include="Core\Size2.h">
      <Filter>Core</Filter>
    </ClInclude>
    <ClInclude Include="Graphics\GraphicsEvents.h">
      <Filter>Graphics</Filter>
    </ClInclude>
    <ClInclude Include="Core\Event.h">
      <Filter>Core</Filter>
    </ClInclude>
    <ClInclude Include="Graphics\Engines\GraphicsEngineCore.h">
      <Filter>Graphics\Engines</Filter>
    </ClInclude>
    <ClInclude Include="Graphics\Engines\DirectXGraphicsEngine.h">
      <Filter>Graphics\Engines</Filter>
    </ClInclude>
    <ClInclude Include="Graphics\GraphicsEventHandlers.h">
      <Filter>Graphics</Filter>
    </ClInclude>
    <ClInclude Include="Graphics\Color.h">
      <Filter>Graphics</Filter>
    </ClInclude>
    <ClInclude Include="Core\Size2f.h">
      <Filter>Core</Filter>
    </ClInclude>
    <ClInclude Include="Core\CoreEventHandlers.h">
      <Filter>Core</Filter>
    </ClInclude>
    <ClInclude Include="Core\Game.h">
      <Filter>Core</Filter>
    </ClInclude>
    <ClInclude Include="Core\CoreEvents.h">
      <Filter>Core</Filter>
    </ClInclude>
    <ClInclude Include="Graphics.h" />
    <ClInclude Include="Core\RectangleF.h">
      <Filter>Core</Filter>
    </ClInclude>
    <ClInclude Include="Graphics\Bitmap.h">
      <Filter>Graphics</Filter>
    </ClInclude>
    <ClInclude Include="Core\Delegate.h">
      <Filter>Core</Filter>
    </ClInclude>
    <ClInclude Include="Core\EventHandler.h">
      <Filter>Core</Filter>
    </ClInclude>
    <ClInclude Include="Core\GameObjects\Space.h">
      <Filter>Core\GameObjects</Filter>
    </ClInclude>
    <ClInclude Include="Core\GameTime.h">
      <Filter>Core</Filter>
    </ClInclude>
    <ClInclude Include="Core\GameObjects\Components\Component.h">
      <Filter>Core\GameObjects\Components</Filter>
    </ClInclude>
    <ClInclude Include="Core\GameObjects\Components\UpdateEvent.h">
      <Filter>Core\GameObjects\Components</Filter>
    </ClInclude>
    <ClInclude Include="Core\GameObjects\Components\DrawEvent.h">
      <Filter>Core\GameObjects\Components</Filter>
    </ClInclude>
    <ClInclude Include="Core\GameObjects\GameObject.h">
      <Filter>Core\GameObjects</Filter>
    </ClInclude>
    <ClInclude Include="Core\GameObjects\Components\DrawComponent.h">
      <Filter>Core\GameObjects\Components</Filter>
    </ClInclude>
    <ClInclude Include="Core\GameObjects.h">
      <Filter>Core</Filter>
    </ClInclude>
    <ClInclude Include="Core\GameObjects\Components.h">
      <Filter>Core\GameObjects</Filter>
    </ClInclude>
    <ClInclude Include="Core\GameObjects\Components\TransformComponent.h">
      <Filter>Core\GameObjects\Components</Filter>
    </ClInclude>
    <ClInclude Include="Core\GameObjects\Components\DrawBitmapComponent.h">
      <Filter>Core\GameObjects\Components</Filter>
    </ClInclude>
    <ClInclude Include="Utilities\ContentManager.h">
      <Filter>Utilities</Filter>
    </ClInclude>
    <ClInclude Include="Core\GameObjects\GameObjectBase.h">
      <Filter>Core\GameObjects</Filter>
    </ClInclude>
    <ClInclude Include="Audio\Sound.h">
      <Filter>Audio</Filter>
    </ClInclude>
    <ClInclude Include="Audio\Engines\AudioEngineCore.h">
      <Filter>Audio\Engines</Filter>
    </ClInclude>
    <ClInclude Include="Input.h" />
    <ClInclude Include="Input\InputTypes.h">
      <Filter>Input</Filter>
    </ClInclude>
    <ClInclude Include="Input\Key.h">
      <Filter>Input</Filter>
    </ClInclude>
    <ClInclude Include="Input\KeyboardState.h">
      <Filter>Input</Filter>
    </ClInclude>
    <ClInclude Include="Input\KeyEventInfo.h">
      <Filter>Input</Filter>
    </ClInclude>
    <ClInclude Include="Input\KeyCombo.h">
      <Filter>Input</Filter>
    </ClInclude>
    <ClInclude Include="Input\Keyboard.h">
      <Filter>Input</Filter>
    </ClInclude>
    <ClInclude Include="Input\Engines\InputEngineCore.h">
      <Filter>Input\Engines</Filter>
    </ClInclude>
    <ClInclude Include="Input\Engines\DirectXInputEngine.h" />
    <ClInclude Include="Audio\Engines\FMODAudioEngine.h" />
    <ClInclude Include="Input\Engines.h" />
    <ClInclude Include="Input\MouseState.h" />
    <ClInclude Include="Input\Mouse.h" />
    <ClInclude Include="Input\InputEventHandlers.h" />
    <ClInclude Include="Input\InputEvents.h" />
    <ClInclude Include="Graphics\TextFormat.h" />
    <ClInclude Include="Core\GameObjects\Components\DrawTextComponent.h" />
    <ClInclude Include="Audio\Spectrum.h">
      <Filter>Audio</Filter>
    </ClInclude>
  </ItemGroup>
</Project>