<?xml version="1.0" encoding="utf-8"?>
<Project ToolsVersion="4.0" xmlns="http://schemas.microsoft.com/developer/msbuild/2003">
  <ItemGroup>
    <ClCompile Include="Main.cpp" />
    <ClCompile Include="SpinComponent.cpp" />
    <ClCompile Include="SinXComponent.cpp" />
    <ClCompile Include="ZLayerComponent.cpp" />
    <ClCompile Include="KeyMoveComponent.cpp" />
    <ClCompile Include="SoundPulseComponent.cpp" />
    <ClCompile Include="ParticleSystem.cpp" />
    <ClCompile Include="ForceComponent.cpp" />
    <ClCompile Include="ParticleDataComponent.cpp" />
    <ClCompile Include="Random.cpp" />
    <ClCompile Include="FadeWithLifeComponent.cpp" />
  </ItemGroup>
  <ItemGroup>
    <ClInclude Include="SpinComponent.h" />
    <ClInclude Include="SinXComponent.h" />
    <ClInclude Include="ZLayerComponent.h" />
    <ClInclude Include="KeyMoveComponent.h" />
    <ClInclude Include="SoundPulseComponent.h" />
    <ClInclude Include="ParticleSystem.h" />
    <ClInclude Include="ForceComponent.h" />
    <ClInclude Include="ParticleDataComponent.h" />
    <ClInclude Include="Random.h" />
    <ClInclude Include="FadeWithLifeComponent.h" />
    <ClInclude Include="GatherKeystrokesComponent.h" />
  </ItemGroup>
  <ItemGroup>
    <Image Include="bit.png" />
  </ItemGroup>
  <ItemGroup>
    <None Include="AudioTest.ogg" />
    <None Include="fmodex64.dll" />
    <None Include="starlightwaltz.ogg" />
  </ItemGroup>
  <ItemGroup>
    <Xml Include="Level3.xml" />
    <Xml Include="Luna.xml" />
  </ItemGroup>
</Project>